
Microsoft Visual Studio Solution File, Format Version 12.00
# Visual Studio Version 17
VisualStudioVersion = 17.11.35222.181
MinimumVisualStudioVersion = 10.0.40219.1
Project("{8BC9CEB8-8B4A-11D0-8D11-00A0C91BC942}") = "Lab_8.1str", "Lab_8.1str\Lab_8.1str.vcxproj", "{F93BAB92-456F-4915-8F14-B5E0743B5410}"
EndProject
Project("{8BC9CEB8-8B4A-11D0-8D11-00A0C91BC942}") = "UnitTest1", "UnitTest1\UnitTest1.vcxproj", "{7D41E43E-28B8-4B1B-A357-3D3216EDE401}"
EndProject
Global
	GlobalSection(SolutionConfigurationPlatforms) = preSolution
		Debug|x64 = Debug|x64
		Debug|x86 = Debug|x86
		Release|x64 = Release|x64
		Release|x86 = Release|x86
	EndGlobalSection
	GlobalSection(ProjectConfigurationPlatforms) = postSolution
		{F93BAB92-456F-4915-8F14-B5E0743B5410}.Debug|x64.ActiveCfg = Debug|x64
		{F93BAB92-456F-4915-8F14-B5E0743B5410}.Debug|x64.Build.0 = Debug|x64
		{F93BAB92-456F-4915-8F14-B5E0743B5410}.Debug|x86.ActiveCfg = Debug|Win32
		{F93BAB92-456F-4915-8F14-B5E0743B5410}.Debug|x86.Build.0 = Debug|Win32
		{F93BAB92-456F-4915-8F14-B5E0743B5410}.Release|x64.ActiveCfg = Release|x64
		{F93BAB92-456F-4915-8F14-B5E0743B5410}.Release|x64.Build.0 = Release|x64
		{F93BAB92-456F-4915-8F14-B5E0743B5410}.Release|x86.ActiveCfg = Release|Win32
		{F93BAB92-456F-4915-8F14-B5E0743B5410}.Release|x86.Build.0 = Release|Win32
		{7D41E43E-28B8-4B1B-A357-3D3216EDE401}.Debug|x64.ActiveCfg = Debug|x64
		{7D41E43E-28B8-4B1B-A357-3D3216EDE401}.Debug|x64.Build.0 = Debug|x64
		{7D41E43E-28B8-4B1B-A357-3D3216EDE401}.Debug|x86.ActiveCfg = Debug|Win32
		{7D41E43E-28B8-4B1B-A357-3D3216EDE401}.Debug|x86.Build.0 = Debug|Win32
		{7D41E43E-28B8-4B1B-A357-3D3216EDE401}.Release|x64.ActiveCfg = Release|x64
		{7D41E43E-28B8-4B1B-A357-3D3216EDE401}.Release|x64.Build.0 = Release|x64
		{7D41E43E-28B8-4B1B-A357-3D3216EDE401}.Release|x86.ActiveCfg = Release|Win32
		{7D41E43E-28B8-4B1B-A357-3D3216EDE401}.Release|x86.Build.0 = Release|Win32
	EndGlobalSection
	GlobalSection(SolutionProperties) = preSolution
		HideSolutionNode = FALSE
	EndGlobalSection
	GlobalSection(ExtensibilityGlobals) = postSolution
		SolutionGuid = {9CC37436-4D51-49C9-9FDC-816D62CF8DBA}
	EndGlobalSection
EndGlobal
